<?xml version="1.0" encoding="utf-8"?>
<Project ToolsVersion="4.0" xmlns="http://schemas.microsoft.com/developer/msbuild/2003">
  <ItemGroup>
    <Filter Include="Platform">
      <UniqueIdentifier>{3d723191-1fcd-46ce-8708-1a78d6b8951a}</UniqueIdentifier>
    </Filter>
    <Filter Include="Platform\windows">
      <UniqueIdentifier>{8d4a2f42-f73e-4774-991a-c46cce06d365}</UniqueIdentifier>
    </Filter>
    <Filter Include="math">
      <UniqueIdentifier>{cde8f7e5-4584-4427-95e9-7f822df5a5fc}</UniqueIdentifier>
    </Filter>
    <Filter Include="image">
      <UniqueIdentifier>{dd969e30-85ec-4c02-8365-74cbe39e118c}</UniqueIdentifier>
    </Filter>
    <Filter Include="render">
      <UniqueIdentifier>{6d2dd5c7-4b57-4142-ac9b-7019fbebd1a6}</UniqueIdentifier>
    </Filter>
    <Filter Include="util">
      <UniqueIdentifier>{eb67a966-6db1-4718-a59d-5495ca243265}</UniqueIdentifier>
    </Filter>
  </ItemGroup>
  <ItemGroup>
    <ClInclude Include="uncharted\platform\platform.h">
      <Filter>Platform</Filter>
    </ClInclude>
    <ClInclude Include="uncharted\platform\platform_common_type.h">
      <Filter>Platform</Filter>
    </ClInclude>
    <ClInclude Include="uncharted\platform\platform_global_type.h">
      <Filter>Platform</Filter>
    </ClInclude>
    <ClInclude Include="uncharted\platform\windows\platform_windows_type.h">
      <Filter>Platform\windows</Filter>
    </ClInclude>
    <ClInclude Include="uncharted\platform\windows\platform_windows_window.h">
      <Filter>Platform\windows</Filter>
    </ClInclude>
    <ClInclude Include="uncharted\image\other_tga_image.h">
      <Filter>image</Filter>
    </ClInclude>
    <ClInclude Include="uncharted\math\vector3.h">
      <Filter>math</Filter>
    </ClInclude>
    <ClInclude Include="uncharted\gl\render.h">
      <Filter>render</Filter>
    </ClInclude>
    <ClInclude Include="uncharted\gl\color.h">
      <Filter>render</Filter>
    </ClInclude>
    <ClInclude Include="uncharted\util\random.h">
      <Filter>util</Filter>
    </ClInclude>
    <ClInclude Include="uncharted\gl\Point.h">
      <Filter>render</Filter>
    </ClInclude>
  </ItemGroup>
  <ItemGroup>
    <ClCompile Include="uncharted\platform\windows\platform_windows_window.cpp">
      <Filter>Platform\windows</Filter>
    </ClCompile>
    <ClCompile Include="uncharted\image\other_tga_image.cpp">
      <Filter>image</Filter>
    </ClCompile>
    <ClCompile Include="uncharted\gl\render.cpp">
      <Filter>render</Filter>
    </ClCompile>
    <ClCompile Include="uncharted\gl\color.cpp">
      <Filter>render</Filter>
    </ClCompile>
  </ItemGroup>
</Project>